
Microsoft Visual Studio Solution File, Format Version 12.00
# Visual Studio Version 17
VisualStudioVersion = 17.9.34616.47
MinimumVisualStudioVersion = 10.0.40219.1
Project("{FAE04EC0-301F-11D3-BF4B-00C04F79EFBC}") = "CarMarket", "CarMarket.csproj", "{12F40025-F99F-4580-B102-4A11FA182422}"
EndProject
Project("{FAE04EC0-301F-11D3-BF4B-00C04F79EFBC}") = "ClassCar", "..\ClassCar\ClassCar.csproj", "{3E137BF3-AB6E-46C9-B98F-05C4CD342CD6}"
EndProject
Project("{FAE04EC0-301F-11D3-BF4B-00C04F79EFBC}") = "DataStorageLevel", "..\DataStorageLevel\DataStorageLevel.csproj", "{8840DA59-F017-41C9-82D0-1BA462AFB2BD}"
EndProject
Project("{FAE04EC0-301F-11D3-BF4B-00C04F79EFBC}") = "Formular", "..\Formular\Formular.csproj", "{471D10B2-439C-4CF5-9FEE-31FB8C8C020F}"
EndProject
Global
	GlobalSection(SolutionConfigurationPlatforms) = preSolution
		Debug|Any CPU = Debug|Any CPU
		Release|Any CPU = Release|Any CPU
	EndGlobalSection
	GlobalSection(ProjectConfigurationPlatforms) = postSolution
		{12F40025-F99F-4580-B102-4A11FA182422}.Debug|Any CPU.ActiveCfg = Debug|Any CPU
		{12F40025-F99F-4580-B102-4A11FA182422}.Debug|Any CPU.Build.0 = Debug|Any CPU
		{12F40025-F99F-4580-B102-4A11FA182422}.Release|Any CPU.ActiveCfg = Release|Any CPU
		{12F40025-F99F-4580-B102-4A11FA182422}.Release|Any CPU.Build.0 = Release|Any CPU
		{3E137BF3-AB6E-46C9-B98F-05C4CD342CD6}.Debug|Any CPU.ActiveCfg = Debug|Any CPU
		{3E137BF3-AB6E-46C9-B98F-05C4CD342CD6}.Debug|Any CPU.Build.0 = Debug|Any CPU
		{3E137BF3-AB6E-46C9-B98F-05C4CD342CD6}.Release|Any CPU.ActiveCfg = Release|Any CPU
		{3E137BF3-AB6E-46C9-B98F-05C4CD342CD6}.Release|Any CPU.Build.0 = Release|Any CPU
		{8840DA59-F017-41C9-82D0-1BA462AFB2BD}.Debug|Any CPU.ActiveCfg = Debug|Any CPU
		{8840DA59-F017-41C9-82D0-1BA462AFB2BD}.Debug|Any CPU.Build.0 = Debug|Any CPU
		{8840DA59-F017-41C9-82D0-1BA462AFB2BD}.Release|Any CPU.ActiveCfg = Release|Any CPU
		{8840DA59-F017-41C9-82D0-1BA462AFB2BD}.Release|Any CPU.Build.0 = Release|Any CPU
		{471D10B2-439C-4CF5-9FEE-31FB8C8C020F}.Debug|Any CPU.ActiveCfg = Debug|Any CPU
		{471D10B2-439C-4CF5-9FEE-31FB8C8C020F}.Debug|Any CPU.Build.0 = Debug|Any CPU
		{471D10B2-439C-4CF5-9FEE-31FB8C8C020F}.Release|Any CPU.ActiveCfg = Release|Any CPU
		{471D10B2-439C-4CF5-9FEE-31FB8C8C020F}.Release|Any CPU.Build.0 = Release|Any CPU
	EndGlobalSection
	GlobalSection(SolutionProperties) = preSolution
		HideSolutionNode = FALSE
	EndGlobalSection
	GlobalSection(ExtensibilityGlobals) = postSolution
		SolutionGuid = {EDE451F7-119D-469B-B84D-F3C91DB59227}
	EndGlobalSection
EndGlobal
